
Microsoft Visual Studio Solution File, Format Version 12.00
# Visual Studio Version 17
VisualStudioVersion = 17.5.33424.131
MinimumVisualStudioVersion = 10.0.40219.1
Project("{9A19103F-16F7-4668-BE54-9A1E7A4F7556}") = "Ask Lucy", "Ask Lucy\Ask Lucy.csproj", "{ECA9AEAA-42CA-45EB-B90A-72C586D65AAB}"
EndProject
Project("{2150E333-8FDC-42A3-9474-1A3956D46DE8}") = "src", "src", "{827E0CD3-B72D-47B6-A68D-7590B98EB39B}"
EndProject
Project("{FAE04EC0-301F-11D3-BF4B-00C04F79EFBC}") = "AskLucy.Domain", "src\AskLucy.Domain\AskLucy.Domain.csproj", "{7E49D31D-A302-47D1-9775-97789592AA2F}"
EndProject
Project("{FAE04EC0-301F-11D3-BF4B-00C04F79EFBC}") = "AskLucy.Application", "src\AskLucy.Application\AskLucy.Application.csproj", "{064C0151-F494-4412-9E6E-455E1E523C99}"
EndProject
Project("{FAE04EC0-301F-11D3-BF4B-00C04F79EFBC}") = "AskLucy.Infrastructure", "src\AskLucy.Infrastructure\AskLucy.Infrastructure.csproj", "{61881E04-8B76-479F-AC7F-D97CFFB78C13}"
EndProject
Project("{FAE04EC0-301F-11D3-BF4B-00C04F79EFBC}") = "AskLucy.Persistence", "src\AskLucy.Persistence\AskLucy.Persistence.csproj", "{8ED28704-0E76-4B9E-A901-569A055497BD}"
EndProject
Project("{FAE04EC0-301F-11D3-BF4B-00C04F79EFBC}") = "AskLucy.WebAPI", "src\AskLucy.WebAPI\AskLucy.WebAPI.csproj", "{CC9F29EA-4873-4EB6-85C5-F668FE61069C}"
EndProject
Project("{2150E333-8FDC-42A3-9474-1A3956D46DE8}") = "tests", "tests", "{0AB3BF05-4346-4AA6-1389-037BE0695223}"
EndProject
Project("{FAE04EC0-301F-11D3-BF4B-00C04F79EFBC}") = "AskLucy.Domain.Tests", "tests\AskLucy.Domain.Tests\AskLucy.Domain.Tests.csproj", "{44B50448-31AD-49CC-9423-96D2CFD5DF1E}"
EndProject
Project("{FAE04EC0-301F-11D3-BF4B-00C04F79EFBC}") = "AskLucy.Application.Tests", "tests\AskLucy.Application.Tests\AskLucy.Application.Tests.csproj", "{36E9FD44-009F-42C2-8339-BDD2B4A58129}"
EndProject
Project("{FAE04EC0-301F-11D3-BF4B-00C04F79EFBC}") = "AskLucy.Infrastructure.Tests", "tests\AskLucy.Infrastructure.Tests\AskLucy.Infrastructure.Tests.csproj", "{CFDDEF70-F5F9-4A18-B9BA-C87F0CF2FD54}"
EndProject
Project("{FAE04EC0-301F-11D3-BF4B-00C04F79EFBC}") = "AskLucy.Persistence.Tests", "tests\AskLucy.Persistence.Tests\AskLucy.Persistence.Tests.csproj", "{07925AB2-A054-47F5-A37A-05128E8CCD1E}"
EndProject
Project("{FAE04EC0-301F-11D3-BF4B-00C04F79EFBC}") = "AskLucy.WebAPI.Tests", "tests\AskLucy.WebAPI.Tests\AskLucy.WebAPI.Tests.csproj", "{32499789-BA76-4E17-B6F0-055F046C2076}"
EndProject
Global
	GlobalSection(SolutionConfigurationPlatforms) = preSolution
		Debug|Any CPU = Debug|Any CPU
		Debug|x64 = Debug|x64
		Debug|x86 = Debug|x86
		Release|Any CPU = Release|Any CPU
		Release|x64 = Release|x64
		Release|x86 = Release|x86
	EndGlobalSection
	GlobalSection(ProjectConfigurationPlatforms) = postSolution
		{ECA9AEAA-42CA-45EB-B90A-72C586D65AAB}.Debug|Any CPU.ActiveCfg = Debug|Any CPU
		{ECA9AEAA-42CA-45EB-B90A-72C586D65AAB}.Debug|Any CPU.Build.0 = Debug|Any CPU
		{ECA9AEAA-42CA-45EB-B90A-72C586D65AAB}.Debug|x64.ActiveCfg = Debug|Any CPU
		{ECA9AEAA-42CA-45EB-B90A-72C586D65AAB}.Debug|x64.Build.0 = Debug|Any CPU
		{ECA9AEAA-42CA-45EB-B90A-72C586D65AAB}.Debug|x86.ActiveCfg = Debug|Any CPU
		{ECA9AEAA-42CA-45EB-B90A-72C586D65AAB}.Debug|x86.Build.0 = Debug|Any CPU
		{ECA9AEAA-42CA-45EB-B90A-72C586D65AAB}.Release|Any CPU.ActiveCfg = Release|Any CPU
		{ECA9AEAA-42CA-45EB-B90A-72C586D65AAB}.Release|Any CPU.Build.0 = Release|Any CPU
		{ECA9AEAA-42CA-45EB-B90A-72C586D65AAB}.Release|x64.ActiveCfg = Release|Any CPU
		{ECA9AEAA-42CA-45EB-B90A-72C586D65AAB}.Release|x64.Build.0 = Release|Any CPU
		{ECA9AEAA-42CA-45EB-B90A-72C586D65AAB}.Release|x86.ActiveCfg = Release|Any CPU
		{ECA9AEAA-42CA-45EB-B90A-72C586D65AAB}.Release|x86.Build.0 = Release|Any CPU
		{7E49D31D-A302-47D1-9775-97789592AA2F}.Debug|Any CPU.ActiveCfg = Debug|Any CPU
		{7E49D31D-A302-47D1-9775-97789592AA2F}.Debug|Any CPU.Build.0 = Debug|Any CPU
		{7E49D31D-A302-47D1-9775-97789592AA2F}.Debug|x64.ActiveCfg = Debug|Any CPU
		{7E49D31D-A302-47D1-9775-97789592AA2F}.Debug|x64.Build.0 = Debug|Any CPU
		{7E49D31D-A302-47D1-9775-97789592AA2F}.Debug|x86.ActiveCfg = Debug|Any CPU
		{7E49D31D-A302-47D1-9775-97789592AA2F}.Debug|x86.Build.0 = Debug|Any CPU
		{7E49D31D-A302-47D1-9775-97789592AA2F}.Release|Any CPU.ActiveCfg = Release|Any CPU
		{7E49D31D-A302-47D1-9775-97789592AA2F}.Release|Any CPU.Build.0 = Release|Any CPU
		{7E49D31D-A302-47D1-9775-97789592AA2F}.Release|x64.ActiveCfg = Release|Any CPU
		{7E49D31D-A302-47D1-9775-97789592AA2F}.Release|x64.Build.0 = Release|Any CPU
		{7E49D31D-A302-47D1-9775-97789592AA2F}.Release|x86.ActiveCfg = Release|Any CPU
		{7E49D31D-A302-47D1-9775-97789592AA2F}.Release|x86.Build.0 = Release|Any CPU
		{064C0151-F494-4412-9E6E-455E1E523C99}.Debug|Any CPU.ActiveCfg = Debug|Any CPU
		{064C0151-F494-4412-9E6E-455E1E523C99}.Debug|Any CPU.Build.0 = Debug|Any CPU
		{064C0151-F494-4412-9E6E-455E1E523C99}.Debug|x64.ActiveCfg = Debug|Any CPU
		{064C0151-F494-4412-9E6E-455E1E523C99}.Debug|x64.Build.0 = Debug|Any CPU
		{064C0151-F494-4412-9E6E-455E1E523C99}.Debug|x86.ActiveCfg = Debug|Any CPU
		{064C0151-F494-4412-9E6E-455E1E523C99}.Debug|x86.Build.0 = Debug|Any CPU
		{064C0151-F494-4412-9E6E-455E1E523C99}.Release|Any CPU.ActiveCfg = Release|Any CPU
		{064C0151-F494-4412-9E6E-455E1E523C99}.Release|Any CPU.Build.0 = Release|Any CPU
		{064C0151-F494-4412-9E6E-455E1E523C99}.Release|x64.ActiveCfg = Release|Any CPU
		{064C0151-F494-4412-9E6E-455E1E523C99}.Release|x64.Build.0 = Release|Any CPU
		{064C0151-F494-4412-9E6E-455E1E523C99}.Release|x86.ActiveCfg = Release|Any CPU
		{064C0151-F494-4412-9E6E-455E1E523C99}.Release|x86.Build.0 = Release|Any CPU
		{61881E04-8B76-479F-AC7F-D97CFFB78C13}.Debug|Any CPU.ActiveCfg = Debug|Any CPU
		{61881E04-8B76-479F-AC7F-D97CFFB78C13}.Debug|Any CPU.Build.0 = Debug|Any CPU
		{61881E04-8B76-479F-AC7F-D97CFFB78C13}.Debug|x64.ActiveCfg = Debug|Any CPU
		{61881E04-8B76-479F-AC7F-D97CFFB78C13}.Debug|x64.Build.0 = Debug|Any CPU
		{61881E04-8B76-479F-AC7F-D97CFFB78C13}.Debug|x86.ActiveCfg = Debug|Any CPU
		{61881E04-8B76-479F-AC7F-D97CFFB78C13}.Debug|x86.Build.0 = Debug|Any CPU
		{61881E04-8B76-479F-AC7F-D97CFFB78C13}.Release|Any CPU.ActiveCfg = Release|Any CPU
		{61881E04-8B76-479F-AC7F-D97CFFB78C13}.Release|Any CPU.Build.0 = Release|Any CPU
		{61881E04-8B76-479F-AC7F-D97CFFB78C13}.Release|x64.ActiveCfg = Release|Any CPU
		{61881E04-8B76-479F-AC7F-D97CFFB78C13}.Release|x64.Build.0 = Release|Any CPU
		{61881E04-8B76-479F-AC7F-D97CFFB78C13}.Release|x86.ActiveCfg = Release|Any CPU
		{61881E04-8B76-479F-AC7F-D97CFFB78C13}.Release|x86.Build.0 = Release|Any CPU
		{8ED28704-0E76-4B9E-A901-569A055497BD}.Debug|Any CPU.ActiveCfg = Debug|Any CPU
		{8ED28704-0E76-4B9E-A901-569A055497BD}.Debug|Any CPU.Build.0 = Debug|Any CPU
		{8ED28704-0E76-4B9E-A901-569A055497BD}.Debug|x64.ActiveCfg = Debug|Any CPU
		{8ED28704-0E76-4B9E-A901-569A055497BD}.Debug|x64.Build.0 = Debug|Any CPU
		{8ED28704-0E76-4B9E-A901-569A055497BD}.Debug|x86.ActiveCfg = Debug|Any CPU
		{8ED28704-0E76-4B9E-A901-569A055497BD}.Debug|x86.Build.0 = Debug|Any CPU
		{8ED28704-0E76-4B9E-A901-569A055497BD}.Release|Any CPU.ActiveCfg = Release|Any CPU
		{8ED28704-0E76-4B9E-A901-569A055497BD}.Release|Any CPU.Build.0 = Release|Any CPU
		{8ED28704-0E76-4B9E-A901-569A055497BD}.Release|x64.ActiveCfg = Release|Any CPU
		{8ED28704-0E76-4B9E-A901-569A055497BD}.Release|x64.Build.0 = Release|Any CPU
		{8ED28704-0E76-4B9E-A901-569A055497BD}.Release|x86.ActiveCfg = Release|Any CPU
		{8ED28704-0E76-4B9E-A901-569A055497BD}.Release|x86.Build.0 = Release|Any CPU
		{CC9F29EA-4873-4EB6-85C5-F668FE61069C}.Debug|Any CPU.ActiveCfg = Debug|Any CPU
		{CC9F29EA-4873-4EB6-85C5-F668FE61069C}.Debug|Any CPU.Build.0 = Debug|Any CPU
		{CC9F29EA-4873-4EB6-85C5-F668FE61069C}.Debug|x64.ActiveCfg = Debug|Any CPU
		{CC9F29EA-4873-4EB6-85C5-F668FE61069C}.Debug|x64.Build.0 = Debug|Any CPU
		{CC9F29EA-4873-4EB6-85C5-F668FE61069C}.Debug|x86.ActiveCfg = Debug|Any CPU
		{CC9F29EA-4873-4EB6-85C5-F668FE61069C}.Debug|x86.Build.0 = Debug|Any CPU
		{CC9F29EA-4873-4EB6-85C5-F668FE61069C}.Release|Any CPU.ActiveCfg = Release|Any CPU
		{CC9F29EA-4873-4EB6-85C5-F668FE61069C}.Release|Any CPU.Build.0 = Release|Any CPU
		{CC9F29EA-4873-4EB6-85C5-F668FE61069C}.Release|x64.ActiveCfg = Release|Any CPU
		{CC9F29EA-4873-4EB6-85C5-F668FE61069C}.Release|x64.Build.0 = Release|Any CPU
		{CC9F29EA-4873-4EB6-85C5-F668FE61069C}.Release|x86.ActiveCfg = Release|Any CPU
		{CC9F29EA-4873-4EB6-85C5-F668FE61069C}.Release|x86.Build.0 = Release|Any CPU
		{44B50448-31AD-49CC-9423-96D2CFD5DF1E}.Debug|Any CPU.ActiveCfg = Debug|Any CPU
		{44B50448-31AD-49CC-9423-96D2CFD5DF1E}.Debug|Any CPU.Build.0 = Debug|Any CPU
		{44B50448-31AD-49CC-9423-96D2CFD5DF1E}.Debug|x64.ActiveCfg = Debug|Any CPU
		{44B50448-31AD-49CC-9423-96D2CFD5DF1E}.Debug|x64.Build.0 = Debug|Any CPU
		{44B50448-31AD-49CC-9423-96D2CFD5DF1E}.Debug|x86.ActiveCfg = Debug|Any CPU
		{44B50448-31AD-49CC-9423-96D2CFD5DF1E}.Debug|x86.Build.0 = Debug|Any CPU
		{44B50448-31AD-49CC-9423-96D2CFD5DF1E}.Release|Any CPU.ActiveCfg = Release|Any CPU
		{44B50448-31AD-49CC-9423-96D2CFD5DF1E}.Release|Any CPU.Build.0 = Release|Any CPU
		{44B50448-31AD-49CC-9423-96D2CFD5DF1E}.Release|x64.ActiveCfg = Release|Any CPU
		{44B50448-31AD-49CC-9423-96D2CFD5DF1E}.Release|x64.Build.0 = Release|Any CPU
		{44B50448-31AD-49CC-9423-96D2CFD5DF1E}.Release|x86.ActiveCfg = Release|Any CPU
		{44B50448-31AD-49CC-9423-96D2CFD5DF1E}.Release|x86.Build.0 = Release|Any CPU
		{36E9FD44-009F-42C2-8339-BDD2B4A58129}.Debug|Any CPU.ActiveCfg = Debug|Any CPU
		{36E9FD44-009F-42C2-8339-BDD2B4A58129}.Debug|Any CPU.Build.0 = Debug|Any CPU
		{36E9FD44-009F-42C2-8339-BDD2B4A58129}.Debug|x64.ActiveCfg = Debug|Any CPU
		{36E9FD44-009F-42C2-8339-BDD2B4A58129}.Debug|x64.Build.0 = Debug|Any CPU
		{36E9FD44-009F-42C2-8339-BDD2B4A58129}.Debug|x86.ActiveCfg = Debug|Any CPU
		{36E9FD44-009F-42C2-8339-BDD2B4A58129}.Debug|x86.Build.0 = Debug|Any CPU
		{36E9FD44-009F-42C2-8339-BDD2B4A58129}.Release|Any CPU.ActiveCfg = Release|Any CPU
		{36E9FD44-009F-42C2-8339-BDD2B4A58129}.Release|Any CPU.Build.0 = Release|Any CPU
		{36E9FD44-009F-42C2-8339-BDD2B4A58129}.Release|x64.ActiveCfg = Release|Any CPU
		{36E9FD44-009F-42C2-8339-BDD2B4A58129}.Release|x64.Build.0 = Release|Any CPU
		{36E9FD44-009F-42C2-8339-BDD2B4A58129}.Release|x86.ActiveCfg = Release|Any CPU
		{36E9FD44-009F-42C2-8339-BDD2B4A58129}.Release|x86.Build.0 = Release|Any CPU
		{CFDDEF70-F5F9-4A18-B9BA-C87F0CF2FD54}.Debug|Any CPU.ActiveCfg = Debug|Any CPU
		{CFDDEF70-F5F9-4A18-B9BA-C87F0CF2FD54}.Debug|Any CPU.Build.0 = Debug|Any CPU
		{CFDDEF70-F5F9-4A18-B9BA-C87F0CF2FD54}.Debug|x64.ActiveCfg = Debug|Any CPU
		{CFDDEF70-F5F9-4A18-B9BA-C87F0CF2FD54}.Debug|x64.Build.0 = Debug|Any CPU
		{CFDDEF70-F5F9-4A18-B9BA-C87F0CF2FD54}.Debug|x86.ActiveCfg = Debug|Any CPU
		{CFDDEF70-F5F9-4A18-B9BA-C87F0CF2FD54}.Debug|x86.Build.0 = Debug|Any CPU
		{CFDDEF70-F5F9-4A18-B9BA-C87F0CF2FD54}.Release|Any CPU.ActiveCfg = Release|Any CPU
		{CFDDEF70-F5F9-4A18-B9BA-C87F0CF2FD54}.Release|Any CPU.Build.0 = Release|Any CPU
		{CFDDEF70-F5F9-4A18-B9BA-C87F0CF2FD54}.Release|x64.ActiveCfg = Release|Any CPU
		{CFDDEF70-F5F9-4A18-B9BA-C87F0CF2FD54}.Release|x64.Build.0 = Release|Any CPU
		{CFDDEF70-F5F9-4A18-B9BA-C87F0CF2FD54}.Release|x86.ActiveCfg = Release|Any CPU
		{CFDDEF70-F5F9-4A18-B9BA-C87F0CF2FD54}.Release|x86.Build.0 = Release|Any CPU
		{07925AB2-A054-47F5-A37A-05128E8CCD1E}.Debug|Any CPU.ActiveCfg = Debug|Any CPU
		{07925AB2-A054-47F5-A37A-05128E8CCD1E}.Debug|Any CPU.Build.0 = Debug|Any CPU
		{07925AB2-A054-47F5-A37A-05128E8CCD1E}.Debug|x64.ActiveCfg = Debug|Any CPU
		{07925AB2-A054-47F5-A37A-05128E8CCD1E}.Debug|x64.Build.0 = Debug|Any CPU
		{07925AB2-A054-47F5-A37A-05128E8CCD1E}.Debug|x86.ActiveCfg = Debug|Any CPU
		{07925AB2-A054-47F5-A37A-05128E8CCD1E}.Debug|x86.Build.0 = Debug|Any CPU
		{07925AB2-A054-47F5-A37A-05128E8CCD1E}.Release|Any CPU.ActiveCfg = Release|Any CPU
		{07925AB2-A054-47F5-A37A-05128E8CCD1E}.Release|Any CPU.Build.0 = Release|Any CPU
		{07925AB2-A054-47F5-A37A-05128E8CCD1E}.Release|x64.ActiveCfg = Release|Any CPU
		{07925AB2-A054-47F5-A37A-05128E8CCD1E}.Release|x64.Build.0 = Release|Any CPU
		{07925AB2-A054-47F5-A37A-05128E8CCD1E}.Release|x86.ActiveCfg = Release|Any CPU
		{07925AB2-A054-47F5-A37A-05128E8CCD1E}.Release|x86.Build.0 = Release|Any CPU
		{32499789-BA76-4E17-B6F0-055F046C2076}.Debug|Any CPU.ActiveCfg = Debug|Any CPU
		{32499789-BA76-4E17-B6F0-055F046C2076}.Debug|Any CPU.Build.0 = Debug|Any CPU
		{32499789-BA76-4E17-B6F0-055F046C2076}.Debug|x64.ActiveCfg = Debug|Any CPU
		{32499789-BA76-4E17-B6F0-055F046C2076}.Debug|x64.Build.0 = Debug|Any CPU
		{32499789-BA76-4E17-B6F0-055F046C2076}.Debug|x86.ActiveCfg = Debug|Any CPU
		{32499789-BA76-4E17-B6F0-055F046C2076}.Debug|x86.Build.0 = Debug|Any CPU
		{32499789-BA76-4E17-B6F0-055F046C2076}.Release|Any CPU.ActiveCfg = Release|Any CPU
		{32499789-BA76-4E17-B6F0-055F046C2076}.Release|Any CPU.Build.0 = Release|Any CPU
		{32499789-BA76-4E17-B6F0-055F046C2076}.Release|x64.ActiveCfg = Release|Any CPU
		{32499789-BA76-4E17-B6F0-055F046C2076}.Release|x64.Build.0 = Release|Any CPU
		{32499789-BA76-4E17-B6F0-055F046C2076}.Release|x86.ActiveCfg = Release|Any CPU
		{32499789-BA76-4E17-B6F0-055F046C2076}.Release|x86.Build.0 = Release|Any CPU
	EndGlobalSection
	GlobalSection(SolutionProperties) = preSolution
		HideSolutionNode = FALSE
	EndGlobalSection
	GlobalSection(NestedProjects) = preSolution
		{7E49D31D-A302-47D1-9775-97789592AA2F} = {827E0CD3-B72D-47B6-A68D-7590B98EB39B}
		{064C0151-F494-4412-9E6E-455E1E523C99} = {827E0CD3-B72D-47B6-A68D-7590B98EB39B}
		{61881E04-8B76-479F-AC7F-D97CFFB78C13} = {827E0CD3-B72D-47B6-A68D-7590B98EB39B}
		{8ED28704-0E76-4B9E-A901-569A055497BD} = {827E0CD3-B72D-47B6-A68D-7590B98EB39B}
		{CC9F29EA-4873-4EB6-85C5-F668FE61069C} = {827E0CD3-B72D-47B6-A68D-7590B98EB39B}
		{44B50448-31AD-49CC-9423-96D2CFD5DF1E} = {0AB3BF05-4346-4AA6-1389-037BE0695223}
		{36E9FD44-009F-42C2-8339-BDD2B4A58129} = {0AB3BF05-4346-4AA6-1389-037BE0695223}
		{CFDDEF70-F5F9-4A18-B9BA-C87F0CF2FD54} = {0AB3BF05-4346-4AA6-1389-037BE0695223}
		{07925AB2-A054-47F5-A37A-05128E8CCD1E} = {0AB3BF05-4346-4AA6-1389-037BE0695223}
		{32499789-BA76-4E17-B6F0-055F046C2076} = {0AB3BF05-4346-4AA6-1389-037BE0695223}
	EndGlobalSection
	GlobalSection(ExtensibilityGlobals) = postSolution
		SolutionGuid = {DDC8F57A-D41E-41F8-8908-9BEC653A0D4C}
	EndGlobalSection
EndGlobal
